{
  "version": 4,
  "terraform_version": "1.7.1",
  "serial": 11,
  "lineage": "ea88f401-334f-fb3a-c6a9-a891b97bca0a",
  "outputs": {},
  "resources": [
    {
      "mode": "managed",
      "type": "aws_eks_cluster",
      "name": "ems_eks_cluster",
      "provider": "provider[\"registry.terraform.io/hashicorp/aws\"]",
      "instances": [
        {
          "schema_version": 0,
          "attributes": {
            "access_config": [
              {
                "authentication_mode": "CONFIG_MAP",
                "bootstrap_cluster_creator_admin_permissions": false
              }
            ],
            "arn": "arn:aws:eks:us-west-1:590184034959:cluster/ems-eks-cluster",
            "certificate_authority": [
              {
                "data": "LS0tLS1CRUdJTiBDRVJUSUZJQ0FURS0tLS0tCk1JSURCVENDQWUyZ0F3SUJBZ0lJT3NVT0hzYnNqNlV3RFFZSktvWklodmNOQVFFTEJRQXdGVEVUTUJFR0ExVUUKQXhNS2EzVmlaWEp1WlhSbGN6QWVGdzB5TkRBeU1EVXdOelF4TVRoYUZ3MHpOREF5TURJd056UTJNVGhhTUJVeApFekFSQmdOVkJBTVRDbXQxWW1WeWJtVjBaWE13Z2dFaU1BMEdDU3FHU0liM0RRRUJBUVVBQTRJQkR3QXdnZ0VLCkFvSUJBUURkVUJhNVFHSVd4OThRYWpLYlgxYmZ5b3VyemtlbnJIaGFCREtCLzk2T0RHeTQ2Ym1CeU1WWTgwWVUKS3dON1J4ZzJoYS96dVdmYXZYMW5laXErUkR0S2tSYkJRckZhV0ZCYURNeDhlWlZCeG1HNGo2eVhRMmV6dzErTAp4UTdCK3hQaDZxSEZ5Zi9LUmJ5R1N6dHdRaDFMQnJwa3dRZ2twTU9lMDVpOGs0VlNCbGRPVHdwbmhTVElFcG8wCnEwUUNyNXhMV0h6TTdUNDVWQnMvSFRxaVBNWUp6YmJqZ3FtSzVyRElZbWYvbCttSWlZaFpaUTRVWlpRek9WNGMKWldFUmkrTFV5QWFXZFY5UTNGM3dzQzJGOG1YNmlHZDJ6RFh4cU1ISW9WT1hoV1I2WW43azNTd1ZScE1MTlZuMApGeVhhcDhGcFRkN2dQNXVnamx4RmhNVjZXczdyQWdNQkFBR2pXVEJYTUE0R0ExVWREd0VCL3dRRUF3SUNwREFQCkJnTlZIUk1CQWY4RUJUQURBUUgvTUIwR0ExVWREZ1FXQkJSS2tJYWRjSHdxQ0ZvOHNNNWd3UXNJWHA4WnN6QVYKQmdOVkhSRUVEakFNZ2dwcmRXSmxjbTVsZEdWek1BMEdDU3FHU0liM0RRRUJDd1VBQTRJQkFRQ2NQSnRxU0dPMgp0S0V0bG05eGhCK3Jsc1ppb3IrQzdObjBUNm5tKy9FaldvSUt2c3VNUTB4WW5BS2IzK0xoa3ozcy8rM1k1NjY4CktTTG5WSFJQTTI4b0lQRFd6dnRzK1BLWXg5TE16dUFHNi9tZTRTcWhNbGFKYmk5ak5FeGw0TVE3WFF1QlF2Z3IKenVjc1NmVUdNdGQ3ZnRrTU5QMHpVcVlWZFBQb2pXb3FoMkhubVJtTmt1NklDZ3VFekdpek80N0ttYzd0d3AzOQo2bHErWHJwdTVxSEo1VWNVYnlSa2wxVURENmpsNDNVcjh0K251QWlLc29iUi8yYnV2dC85b0pQdktibFJ3aGl1CkJwaC9SOEd0NVhsRUF4anVyRURvNmd4YktmYVVURENUb2FoWENNRUFCOFVjTzNCNGo1d05jcU5TSFBWT25OMFMKMjcyTkhXaVJIUEx0Ci0tLS0tRU5EIENFUlRJRklDQVRFLS0tLS0K"
              }
            ],
            "cluster_id": null,
            "created_at": "2024-02-05 07:42:00.033 +0000 UTC",
            "enabled_cluster_log_types": null,
            "encryption_config": [],
            "endpoint": "https://3771218C06C7606C0A0F4E1155CEE868.gr7.us-west-1.eks.amazonaws.com",
            "id": "ems-eks-cluster",
            "identity": [
              {
                "oidc": [
                  {
                    "issuer": "https://oidc.eks.us-west-1.amazonaws.com/id/3771218C06C7606C0A0F4E1155CEE868"
                  }
                ]
              }
            ],
            "kubernetes_network_config": [
              {
                "ip_family": "ipv4",
                "service_ipv4_cidr": "10.100.0.0/16",
                "service_ipv6_cidr": ""
              }
            ],
            "name": "ems-eks-cluster",
            "outpost_config": [],
            "platform_version": "eks.7",
            "role_arn": "arn:aws:iam::590184034959:role/eks-roll-emaad",
            "status": "ACTIVE",
            "tags": null,
            "tags_all": {},
            "timeouts": null,
            "version": "1.28",
            "vpc_config": [
              {
                "cluster_security_group_id": "sg-07f5995e82940fffa",
                "endpoint_private_access": false,
                "endpoint_public_access": true,
                "public_access_cidrs": [
                  "0.0.0.0/0"
                ],
                "security_group_ids": null,
                "subnet_ids": [
                  "subnet-000e8acb912a54e4d",
                  "subnet-05d51671a70fb1b9d"
                ],
                "vpc_id": "vpc-078284f90ff2d971c"
              }
            ]
          },
          "sensitive_attributes": [],
          "private": "eyJlMmJmYjczMC1lY2FhLTExZTYtOGY4OC0zNDM2M2JjN2M0YzAiOnsiY3JlYXRlIjoxODAwMDAwMDAwMDAwLCJkZWxldGUiOjkwMDAwMDAwMDAwMCwidXBkYXRlIjozNjAwMDAwMDAwMDAwfX0="
        }
      ]
    },
    {
      "mode": "managed",
      "type": "aws_eks_node_group",
      "name": "ems_eks_node_group",
      "provider": "provider[\"registry.terraform.io/hashicorp/aws\"]",
      "instances": [
        {
          "schema_version": 0,
          "attributes": {
            "ami_type": "AL2_x86_64",
            "arn": "arn:aws:eks:us-west-1:590184034959:nodegroup/ems-eks-cluster/terraform-20240205074828030100000001/bec6bc1e-bc12-08c0-6d20-46180953d71a",
            "capacity_type": "ON_DEMAND",
            "cluster_name": "ems-eks-cluster",
            "disk_size": 20,
            "force_update_version": null,
            "id": "ems-eks-cluster:terraform-20240205074828030100000001",
            "instance_types": [
              "t3.medium"
            ],
            "labels": null,
            "launch_template": [],
            "node_group_name": "terraform-20240205074828030100000001",
            "node_group_name_prefix": "terraform-",
            "node_role_arn": "arn:aws:iam::590184034959:role/nodegroup_role",
            "release_version": "1.28.5-20240202",
            "remote_access": [],
            "resources": [
              {
                "autoscaling_groups": [
                  {
                    "name": "eks-terraform-20240205074828030100000001-bec6bc1e-bc12-08c0-6d20-46180953d71a"
                  }
                ],
                "remote_access_security_group_id": ""
              }
            ],
            "scaling_config": [
              {
                "desired_size": 1,
                "max_size": 1,
                "min_size": 1
              }
            ],
            "status": "ACTIVE",
            "subnet_ids": [
              "subnet-000e8acb912a54e4d",
              "subnet-05d51671a70fb1b9d"
            ],
            "tags": null,
            "tags_all": {},
            "taint": [],
            "timeouts": null,
            "update_config": [
              {
                "max_unavailable": 1,
                "max_unavailable_percentage": 0
              }
            ],
            "version": "1.28"
          },
          "sensitive_attributes": [],
          "private": "eyJlMmJmYjczMC1lY2FhLTExZTYtOGY4OC0zNDM2M2JjN2M0YzAiOnsiY3JlYXRlIjozNjAwMDAwMDAwMDAwLCJkZWxldGUiOjM2MDAwMDAwMDAwMDAsInVwZGF0ZSI6MzYwMDAwMDAwMDAwMH19",
          "dependencies": [
            "aws_eks_cluster.ems_eks_cluster"
          ]
        }
      ]
    }
  ],
  "check_results": null
}
